
Microsoft Visual Studio Solution File, Format Version 12.00
# Visual Studio Version 17
VisualStudioVersion = 17.5.002.0
MinimumVisualStudioVersion = 10.0.40219.1
Project("{2150E333-8FDC-42A3-9474-1A3956D46DE8}") = "image-processing", "image-processing", "{A40F864B-9919-4785-9D69-F94C60FE0C17}"
EndProject
Project("{9A19103F-16F7-4668-BE54-9A1E7A4F7556}") = "IGD", "image-processing\cs\IGD.csproj", "{3ED841CA-BE4A-4384-BF63-77FEC3855206}"
EndProject
Global
	GlobalSection(SolutionConfigurationPlatforms) = preSolution
		Debug|Any CPU = Debug|Any CPU
		Release|Any CPU = Release|Any CPU
	EndGlobalSection
	GlobalSection(ProjectConfigurationPlatforms) = postSolution
		{3ED841CA-BE4A-4384-BF63-77FEC3855206}.Debug|Any CPU.ActiveCfg = Debug|Any CPU
		{3ED841CA-BE4A-4384-BF63-77FEC3855206}.Debug|Any CPU.Build.0 = Debug|Any CPU
		{3ED841CA-BE4A-4384-BF63-77FEC3855206}.Release|Any CPU.ActiveCfg = Release|Any CPU
		{3ED841CA-BE4A-4384-BF63-77FEC3855206}.Release|Any CPU.Build.0 = Release|Any CPU
	EndGlobalSection
	GlobalSection(SolutionProperties) = preSolution
		HideSolutionNode = FALSE
	EndGlobalSection
	GlobalSection(NestedProjects) = preSolution
		{3ED841CA-BE4A-4384-BF63-77FEC3855206} = {A40F864B-9919-4785-9D69-F94C60FE0C17}
	EndGlobalSection
	GlobalSection(ExtensibilityGlobals) = postSolution
		SolutionGuid = {4FC45D30-62EE-48C1-91EB-F153AF094D76}
	EndGlobalSection
EndGlobal
